
Microsoft Visual Studio Solution File, Format Version 12.00
# Visual Studio Version 17
VisualStudioVersion = 17.1.32421.90
MinimumVisualStudioVersion = 10.0.40219.1
Project("{FAE04EC0-301F-11D3-BF4B-00C04F79EFBC}") = "csharp-geometria", "csharp-geometria.csproj", "{D434AE98-976E-4C30-9B66-94E3F24B1E6A}"
EndProject
Global
	GlobalSection(SolutionConfigurationPlatforms) = preSolution
		Debug|Any CPU = Debug|Any CPU
		Release|Any CPU = Release|Any CPU
	EndGlobalSection
	GlobalSection(ProjectConfigurationPlatforms) = postSolution
		{D434AE98-976E-4C30-9B66-94E3F24B1E6A}.Debug|Any CPU.ActiveCfg = Debug|Any CPU
		{D434AE98-976E-4C30-9B66-94E3F24B1E6A}.Debug|Any CPU.Build.0 = Debug|Any CPU
		{D434AE98-976E-4C30-9B66-94E3F24B1E6A}.Release|Any CPU.ActiveCfg = Release|Any CPU
		{D434AE98-976E-4C30-9B66-94E3F24B1E6A}.Release|Any CPU.Build.0 = Release|Any CPU
	EndGlobalSection
	GlobalSection(SolutionProperties) = preSolution
		HideSolutionNode = FALSE
	EndGlobalSection
	GlobalSection(ExtensibilityGlobals) = postSolution
		SolutionGuid = {75D32254-6F53-49EB-8F87-B043F2A8F33D}
	EndGlobalSection
EndGlobal
